
Microsoft Visual Studio Solution File, Format Version 12.00
# Visual Studio 15
VisualStudioVersion = 15.0.28010.2016
MinimumVisualStudioVersion = 10.0.40219.1
Project("{FAE04EC0-301F-11D3-BF4B-00C04F79EFBC}") = "ChallengeTask", "ConsoleApp3\ChallengeTask.csproj", "{031F0F6B-E67A-4235-BE64-07F256840655}"
EndProject
Project("{FAE04EC0-301F-11D3-BF4B-00C04F79EFBC}") = "TestTask", "TestTask\TestTask.csproj", "{2902DA0E-8A01-4F40-9D56-1DC338F2E526}"
EndProject
Global
	GlobalSection(SolutionConfigurationPlatforms) = preSolution
		Debug|Any CPU = Debug|Any CPU
		Release|Any CPU = Release|Any CPU
	EndGlobalSection
	GlobalSection(ProjectConfigurationPlatforms) = postSolution
		{031F0F6B-E67A-4235-BE64-07F256840655}.Debug|Any CPU.ActiveCfg = Debug|Any CPU
		{031F0F6B-E67A-4235-BE64-07F256840655}.Debug|Any CPU.Build.0 = Debug|Any CPU
		{031F0F6B-E67A-4235-BE64-07F256840655}.Release|Any CPU.ActiveCfg = Release|Any CPU
		{031F0F6B-E67A-4235-BE64-07F256840655}.Release|Any CPU.Build.0 = Release|Any CPU
		{2902DA0E-8A01-4F40-9D56-1DC338F2E526}.Debug|Any CPU.ActiveCfg = Debug|Any CPU
		{2902DA0E-8A01-4F40-9D56-1DC338F2E526}.Debug|Any CPU.Build.0 = Debug|Any CPU
		{2902DA0E-8A01-4F40-9D56-1DC338F2E526}.Release|Any CPU.ActiveCfg = Release|Any CPU
		{2902DA0E-8A01-4F40-9D56-1DC338F2E526}.Release|Any CPU.Build.0 = Release|Any CPU
	EndGlobalSection
	GlobalSection(SolutionProperties) = preSolution
		HideSolutionNode = FALSE
	EndGlobalSection
	GlobalSection(ExtensibilityGlobals) = postSolution
		SolutionGuid = {59832D28-8C55-43D8-B62E-19E184B1CE0A}
	EndGlobalSection
EndGlobal
